
Microsoft Visual Studio Solution File, Format Version 12.00
# Visual Studio Version 17
VisualStudioVersion = 17.14.36717.8 d17.14
MinimumVisualStudioVersion = 10.0.40219.1
Project("{8BC9CEB8-8B4A-11D0-8D11-00A0C91BC942}") = "CPP-Algo-Challenges1", "CPP-Algo-Challenges1\CPP-Algo-Challenges1.vcxproj", "{C51E7AC0-E5F2-4CA9-96BB-9817AA391480}"
EndProject
Global
	GlobalSection(SolutionConfigurationPlatforms) = preSolution
		Debug|x64 = Debug|x64
		Debug|x86 = Debug|x86
		Release|x64 = Release|x64
		Release|x86 = Release|x86
	EndGlobalSection
	GlobalSection(ProjectConfigurationPlatforms) = postSolution
		{C51E7AC0-E5F2-4CA9-96BB-9817AA391480}.Debug|x64.ActiveCfg = Debug|x64
		{C51E7AC0-E5F2-4CA9-96BB-9817AA391480}.Debug|x64.Build.0 = Debug|x64
		{C51E7AC0-E5F2-4CA9-96BB-9817AA391480}.Debug|x86.ActiveCfg = Debug|Win32
		{C51E7AC0-E5F2-4CA9-96BB-9817AA391480}.Debug|x86.Build.0 = Debug|Win32
		{C51E7AC0-E5F2-4CA9-96BB-9817AA391480}.Release|x64.ActiveCfg = Release|x64
		{C51E7AC0-E5F2-4CA9-96BB-9817AA391480}.Release|x64.Build.0 = Release|x64
		{C51E7AC0-E5F2-4CA9-96BB-9817AA391480}.Release|x86.ActiveCfg = Release|Win32
		{C51E7AC0-E5F2-4CA9-96BB-9817AA391480}.Release|x86.Build.0 = Release|Win32
	EndGlobalSection
	GlobalSection(SolutionProperties) = preSolution
		HideSolutionNode = FALSE
	EndGlobalSection
	GlobalSection(ExtensibilityGlobals) = postSolution
		SolutionGuid = {825AE375-A2F0-423D-900C-4EA2E6AF0862}
	EndGlobalSection
EndGlobal
